Acquired by Process ID: 14584 at 2023-12-04 16:06:25
Released by Process ID: 14584 at 2023-12-04 16:06:25
Acquired by Process ID: 14584 at 2023-12-04 16:09:12
Released by Process ID: 14584 at 2023-12-04 16:09:13
Acquired by Process ID: 14584 at 2023-12-04 16:09:13
Released by Process ID: 14584 at 2023-12-04 16:09:13
Acquired by Process ID: 14584 at 2023-12-04 16:09:27
Released by Process ID: 14584 at 2023-12-04 16:09:27
Acquired by Process ID: 14584 at 2023-12-04 16:09:27
Released by Process ID: 14584 at 2023-12-04 16:09:27
Acquired by Process ID: 14584 at 2023-12-04 16:10:08
Released by Process ID: 14584 at 2023-12-04 16:10:08
Acquired by Process ID: 14584 at 2023-12-04 16:10:08
Released by Process ID: 14584 at 2023-12-04 16:10:08
Acquired by Process ID: 14584 at 2023-12-04 16:10:10
Released by Process ID: 14584 at 2023-12-04 16:10:10
Acquired by Process ID: 14584 at 2023-12-04 16:10:11
Released by Process ID: 14584 at 2023-12-04 16:10:11
Acquired by Process ID: 14584 at 2023-12-04 16:10:13
Released by Process ID: 14584 at 2023-12-04 16:10:13
Acquired by Process ID: 14584 at 2023-12-04 16:10:13
Released by Process ID: 14584 at 2023-12-04 16:10:13
Acquired by Process ID: 14584 at 2023-12-04 16:10:13
Released by Process ID: 14584 at 2023-12-04 16:10:13
Acquired by Process ID: 14584 at 2023-12-04 16:10:15
Released by Process ID: 14584 at 2023-12-04 16:10:15
Acquired by Process ID: 14584 at 2023-12-04 16:10:15
Released by Process ID: 14584 at 2023-12-04 16:10:16
