Acquired by Process ID: 13924 at 2023-12-05 10:38:40
Released by Process ID: 13924 at 2023-12-05 10:38:40
Acquired by Process ID: 13924 at 2023-12-05 10:38:41
Released by Process ID: 13924 at 2023-12-05 10:38:41
Acquired by Process ID: 13924 at 2023-12-05 10:38:42
Released by Process ID: 13924 at 2023-12-05 10:38:42
Acquired by Process ID: 13924 at 2023-12-05 10:38:43
Released by Process ID: 13924 at 2023-12-05 10:38:43
Acquired by Process ID: 13924 at 2023-12-05 10:38:45
Released by Process ID: 13924 at 2023-12-05 10:38:45
Acquired by Process ID: 13924 at 2023-12-05 10:38:46
Released by Process ID: 13924 at 2023-12-05 10:38:46
Acquired by Process ID: 13924 at 2023-12-05 10:38:46
Released by Process ID: 13924 at 2023-12-05 10:38:46
Acquired by Process ID: 13924 at 2023-12-05 10:45:39
Released by Process ID: 13924 at 2023-12-05 10:45:39
Acquired by Process ID: 13924 at 2023-12-05 10:45:40
Released by Process ID: 13924 at 2023-12-05 10:45:40
Acquired by Process ID: 13924 at 2023-12-05 10:45:41
Released by Process ID: 13924 at 2023-12-05 10:45:41
Acquired by Process ID: 13924 at 2023-12-05 10:45:42
Released by Process ID: 13924 at 2023-12-05 10:45:42
Acquired by Process ID: 13924 at 2023-12-05 10:45:43
Released by Process ID: 13924 at 2023-12-05 10:45:43
Acquired by Process ID: 13924 at 2023-12-05 10:45:44
Released by Process ID: 13924 at 2023-12-05 10:45:44
Acquired by Process ID: 13924 at 2023-12-05 10:45:44
Released by Process ID: 13924 at 2023-12-05 10:45:44
Acquired by Process ID: 13924 at 2023-12-05 11:07:26
Released by Process ID: 13924 at 2023-12-05 11:07:26
Acquired by Process ID: 13924 at 2023-12-05 11:07:26
Released by Process ID: 13924 at 2023-12-05 11:07:26
Acquired by Process ID: 13924 at 2023-12-05 11:28:01
Released by Process ID: 13924 at 2023-12-05 11:28:01
Acquired by Process ID: 13924 at 2023-12-05 11:28:01
Released by Process ID: 13924 at 2023-12-05 11:28:01
Acquired by Process ID: 13924 at 2023-12-05 11:28:11
Released by Process ID: 13924 at 2023-12-05 11:28:11
Acquired by Process ID: 13924 at 2023-12-05 11:28:11
Released by Process ID: 13924 at 2023-12-05 11:28:11
Acquired by Process ID: 3164 at 2023-12-05 12:28:07
Released by Process ID: 3164 at 2023-12-05 12:28:07
Acquired by Process ID: 3164 at 2023-12-05 16:58:08
Released by Process ID: 3164 at 2023-12-05 16:58:08
Acquired by Process ID: 3164 at 2023-12-05 16:58:08
Released by Process ID: 3164 at 2023-12-05 16:58:08
Acquired by Process ID: 3164 at 2023-12-05 16:58:09
Released by Process ID: 3164 at 2023-12-05 16:58:09
Acquired by Process ID: 3164 at 2023-12-05 16:58:09
Released by Process ID: 3164 at 2023-12-05 16:58:09
Acquired by Process ID: 3164 at 2023-12-05 16:58:10
Released by Process ID: 3164 at 2023-12-05 16:58:10
Acquired by Process ID: 3164 at 2023-12-05 16:58:10
Released by Process ID: 3164 at 2023-12-05 16:58:10
Acquired by Process ID: 3164 at 2023-12-05 16:58:11
Released by Process ID: 3164 at 2023-12-05 16:58:11
Acquired by Process ID: 3164 at 2023-12-05 16:58:11
Released by Process ID: 3164 at 2023-12-05 16:58:11
Acquired by Process ID: 3164 at 2023-12-05 16:58:12
Released by Process ID: 3164 at 2023-12-05 16:58:12
Acquired by Process ID: 3164 at 2023-12-05 16:58:12
Released by Process ID: 3164 at 2023-12-05 16:58:12
Acquired by Process ID: 3164 at 2023-12-05 16:58:13
Released by Process ID: 3164 at 2023-12-05 16:58:13
Acquired by Process ID: 3164 at 2023-12-05 16:58:13
Released by Process ID: 3164 at 2023-12-05 16:58:13
Acquired by Process ID: 3164 at 2023-12-05 16:58:14
Released by Process ID: 3164 at 2023-12-05 16:58:14
Acquired by Process ID: 3164 at 2023-12-05 16:58:14
Released by Process ID: 3164 at 2023-12-05 16:58:15
Acquired by Process ID: 3164 at 2023-12-05 16:58:15
Released by Process ID: 3164 at 2023-12-05 16:58:15
Acquired by Process ID: 3164 at 2023-12-05 16:58:15
Released by Process ID: 3164 at 2023-12-05 16:58:15
Acquired by Process ID: 3164 at 2023-12-05 16:58:16
Released by Process ID: 3164 at 2023-12-05 16:58:16
Acquired by Process ID: 3164 at 2023-12-05 16:58:16
Released by Process ID: 3164 at 2023-12-05 16:58:16
Acquired by Process ID: 3164 at 2023-12-05 16:58:17
Released by Process ID: 3164 at 2023-12-05 16:58:17
Acquired by Process ID: 3164 at 2023-12-05 16:58:17
Released by Process ID: 3164 at 2023-12-05 16:58:17
Acquired by Process ID: 3164 at 2023-12-05 16:58:18
Released by Process ID: 3164 at 2023-12-05 16:58:18
Acquired by Process ID: 3164 at 2023-12-05 16:58:18
Released by Process ID: 3164 at 2023-12-05 16:58:19
Acquired by Process ID: 3164 at 2023-12-05 16:58:19
Released by Process ID: 3164 at 2023-12-05 16:58:19
Acquired by Process ID: 3164 at 2023-12-05 16:58:20
Released by Process ID: 3164 at 2023-12-05 16:58:20
Acquired by Process ID: 3164 at 2023-12-05 16:58:20
Released by Process ID: 3164 at 2023-12-05 16:58:20
Acquired by Process ID: 3164 at 2023-12-05 16:58:21
Released by Process ID: 3164 at 2023-12-05 16:58:21
Acquired by Process ID: 3164 at 2023-12-05 16:58:21
Released by Process ID: 3164 at 2023-12-05 16:58:21
Acquired by Process ID: 3164 at 2023-12-05 16:58:22
Released by Process ID: 3164 at 2023-12-05 16:58:22
Acquired by Process ID: 3164 at 2023-12-05 16:58:22
Released by Process ID: 3164 at 2023-12-05 16:58:22
Acquired by Process ID: 3164 at 2023-12-05 16:58:23
Released by Process ID: 3164 at 2023-12-05 16:58:23
Acquired by Process ID: 3164 at 2023-12-05 16:58:23
Released by Process ID: 3164 at 2023-12-05 16:58:23
Acquired by Process ID: 3164 at 2023-12-05 16:58:24
Released by Process ID: 3164 at 2023-12-05 16:58:24
Acquired by Process ID: 3164 at 2023-12-05 16:58:24
Released by Process ID: 3164 at 2023-12-05 16:58:24
Acquired by Process ID: 3164 at 2023-12-05 16:58:25
Released by Process ID: 3164 at 2023-12-05 16:58:25
Acquired by Process ID: 3164 at 2023-12-05 16:58:25
Released by Process ID: 3164 at 2023-12-05 16:58:25
Acquired by Process ID: 3164 at 2023-12-05 16:58:26
Released by Process ID: 3164 at 2023-12-05 16:58:26
Acquired by Process ID: 3164 at 2023-12-05 16:58:26
Released by Process ID: 3164 at 2023-12-05 16:58:26
Acquired by Process ID: 3164 at 2023-12-05 16:58:27
Released by Process ID: 3164 at 2023-12-05 16:58:27
Acquired by Process ID: 3164 at 2023-12-05 16:58:27
Released by Process ID: 3164 at 2023-12-05 16:58:27
Acquired by Process ID: 3164 at 2023-12-05 16:58:28
Released by Process ID: 3164 at 2023-12-05 16:58:28
Acquired by Process ID: 3164 at 2023-12-05 16:58:28
Released by Process ID: 3164 at 2023-12-05 16:58:29
Acquired by Process ID: 3164 at 2023-12-05 16:58:29
Released by Process ID: 3164 at 2023-12-05 16:58:29
Acquired by Process ID: 3164 at 2023-12-05 16:58:30
Released by Process ID: 3164 at 2023-12-05 16:58:30
Acquired by Process ID: 3164 at 2023-12-05 16:58:30
Released by Process ID: 3164 at 2023-12-05 16:58:30
Acquired by Process ID: 3164 at 2023-12-05 16:58:31
Released by Process ID: 3164 at 2023-12-05 16:58:31
Acquired by Process ID: 3164 at 2023-12-05 16:58:31
Released by Process ID: 3164 at 2023-12-05 16:58:32
Acquired by Process ID: 3164 at 2023-12-05 16:58:32
Released by Process ID: 3164 at 2023-12-05 16:58:32
Acquired by Process ID: 3164 at 2023-12-05 16:58:32
Released by Process ID: 3164 at 2023-12-05 16:58:33
Acquired by Process ID: 3164 at 2023-12-05 16:58:33
Released by Process ID: 3164 at 2023-12-05 16:58:33
---------------------------------------------------Acquired by Process ID parallel2: 3164 at 2023-12-05 12:31:30
Released by Process ID parallel2: 3164 at 2023-12-05 12:31:31
Acquired by Process ID parallel2: 3164 at 2023-12-05 17:01:31
Released by Process ID parallel2: 3164 at 2023-12-05 17:01:31
Acquired by Process ID parallel2: 3164 at 2023-12-05 17:01:32
Released by Process ID parallel2: 3164 at 2023-12-05 17:01:32
Acquired by Process ID parallel2: 3164 at 2023-12-05 17:01:32
Released by Process ID parallel2: 3164 at 2023-12-05 17:01:33
Acquired by Process ID parallel2: 3164 at 2023-12-05 17:01:33
Released by Process ID parallel2: 3164 at 2023-12-05 17:01:33
Acquired by Process ID and main_script : 3164 at 2023-12-05 12:31:33
Released by Process ID and main_script: 3164 at 2023-12-05 12:31:33
Acquired by Process ID parallel2: 3164 at 2023-12-05 17:01:33
Released by Process ID parallel2: 3164 at 2023-12-05 17:01:34
Acquired by Process ID parallel2: 3164 at 2023-12-05 17:01:34
Released by Process ID parallel2: 3164 at 2023-12-05 17:01:34
Acquired by Process ID parallel2: 3164 at 2023-12-05 17:01:35
Released by Process ID parallel2: 3164 at 2023-12-05 17:01:35
Acquired by Process ID parallel2: 3164 at 2023-12-05 17:01:35
Released by Process ID parallel2: 3164 at 2023-12-05 17:01:35
Acquired by Process ID parallel2: 3164 at 2023-12-05 17:01:36
Released by Process ID parallel2: 3164 at 2023-12-05 17:01:36
Acquired by Process ID parallel2: 3164 at 2023-12-05 17:01:36
Released by Process ID parallel2: 3164 at 2023-12-05 17:01:37
Acquired by Process ID parallel2: 3164 at 2023-12-05 17:01:37
Released by Process ID parallel2: 3164 at 2023-12-05 17:01:37
Acquired by Process ID parallel2: 3164 at 2023-12-05 17:01:38
Released by Process ID parallel2: 3164 at 2023-12-05 17:01:38
Acquired by Process ID parallel2: 3164 at 2023-12-05 17:01:38
Released by Process ID parallel2: 3164 at 2023-12-05 17:01:38
Acquired by Process ID parallel2: 3164 at 2023-12-05 17:01:39
Released by Process ID parallel2: 3164 at 2023-12-05 17:01:39
Acquired by Process ID parallel2: 3164 at 2023-12-05 17:01:39
Released by Process ID parallel2: 3164 at 2023-12-05 17:01:40
Acquired by Process ID parallel2: 3164 at 2023-12-05 17:01:40
Released by Process ID parallel2: 3164 at 2023-12-05 17:01:40
Acquired by Process ID parallel2: 3164 at 2023-12-05 17:01:40
Released by Process ID parallel2: 3164 at 2023-12-05 17:01:41
Acquired by Process ID parallel2: 3164 at 2023-12-05 17:01:41
Released by Process ID parallel2: 3164 at 2023-12-05 17:01:41
Acquired by Process ID parallel2: 3164 at 2023-12-05 17:01:42
Released by Process ID parallel2: 3164 at 2023-12-05 17:01:42
Acquired by Process ID parallel2: 3164 at 2023-12-05 17:01:42
Released by Process ID parallel2: 3164 at 2023-12-05 17:01:42
Acquired by Process ID parallel2: 3164 at 2023-12-05 17:01:43
Released by Process ID parallel2: 3164 at 2023-12-05 17:01:43
Acquired by Process ID parallel2: 3164 at 2023-12-05 17:01:44
Released by Process ID parallel2: 3164 at 2023-12-05 17:01:44
Acquired by Process ID parallel2: 3164 at 2023-12-05 17:01:44
Released by Process ID parallel2: 3164 at 2023-12-05 17:01:44
Acquired by Process ID parallel2: 3164 at 2023-12-05 17:01:45
Released by Process ID parallel2: 3164 at 2023-12-05 17:01:45
Acquired by Process ID parallel2: 3164 at 2023-12-05 17:01:45
Released by Process ID parallel2: 3164 at 2023-12-05 17:01:45
Acquired by Process ID parallel2: 3164 at 2023-12-05 17:01:46
Released by Process ID parallel2: 3164 at 2023-12-05 17:01:46
Acquired by Process ID parallel2: 3164 at 2023-12-05 17:01:46
Released by Process ID parallel2: 3164 at 2023-12-05 17:01:46
Acquired by Process ID parallel2: 3164 at 2023-12-05 17:01:47
Released by Process ID parallel2: 3164 at 2023-12-05 17:01:47
Acquired by Process ID parallel2: 3164 at 2023-12-05 17:01:47
Released by Process ID parallel2: 3164 at 2023-12-05 17:01:47
Acquired by Process ID parallel2: 3164 at 2023-12-05 17:01:48
Released by Process ID parallel2: 3164 at 2023-12-05 17:01:48
Acquired by Process ID parallel2: 3164 at 2023-12-05 17:01:48
Released by Process ID parallel2: 3164 at 2023-12-05 17:01:48
Acquired by Process ID parallel2: 3164 at 2023-12-05 17:01:49
Released by Process ID parallel2: 3164 at 2023-12-05 17:01:49
Acquired by Process ID parallel2: 3164 at 2023-12-05 17:01:49
Released by Process ID parallel2: 3164 at 2023-12-05 17:01:49
Acquired by Process ID parallel2: 3164 at 2023-12-05 17:01:50
Released by Process ID parallel2: 3164 at 2023-12-05 17:01:50
Acquired by Process ID parallel2: 3164 at 2023-12-05 17:01:50
Released by Process ID parallel2: 3164 at 2023-12-05 17:01:50
Acquired by Process ID parallel2: 3164 at 2023-12-05 17:01:51
Released by Process ID parallel2: 3164 at 2023-12-05 17:01:51
Acquired by Process ID parallel2: 3164 at 2023-12-05 17:01:51
Released by Process ID parallel2: 3164 at 2023-12-05 17:01:51
Acquired by Process ID parallel2: 3164 at 2023-12-05 17:01:52
Released by Process ID parallel2: 3164 at 2023-12-05 17:01:52
Acquired by Process ID parallel2: 3164 at 2023-12-05 17:01:52
Released by Process ID parallel2: 3164 at 2023-12-05 17:01:52
Acquired by Process ID parallel2: 3164 at 2023-12-05 17:01:53
Released by Process ID parallel2: 3164 at 2023-12-05 17:01:53
Acquired by Process ID parallel2: 3164 at 2023-12-05 17:01:53
Released by Process ID parallel2: 3164 at 2023-12-05 17:01:53
Acquired by Process ID parallel2: 3164 at 2023-12-05 17:01:54
Released by Process ID parallel2: 3164 at 2023-12-05 17:01:54
Acquired by Process ID parallel2: 3164 at 2023-12-05 17:01:54
Released by Process ID parallel2: 3164 at 2023-12-05 17:01:54
Acquired by Process ID parallel2: 3164 at 2023-12-05 17:01:55
Released by Process ID parallel2: 3164 at 2023-12-05 17:01:55
Acquired by Process ID parallel2: 3164 at 2023-12-05 17:01:55
Released by Process ID parallel2: 3164 at 2023-12-05 17:01:55
Acquired by Process ID parallel2: 3164 at 2023-12-05 17:01:56
Released by Process ID parallel2: 3164 at 2023-12-05 17:01:56
Acquired by Process ID parallel2: 3164 at 2023-12-05 17:01:56
Released by Process ID parallel2: 3164 at 2023-12-05 17:01:57
Acquired by Process ID parallel2: 3164 at 2023-12-05 17:01:57
Released by Process ID parallel2: 3164 at 2023-12-05 17:01:57
Acquired by Process ID parallel2: 3164 at 2023-12-05 17:01:57
Released by Process ID parallel2: 3164 at 2023-12-05 17:01:57
Acquired by Process ID: 17760 at 2023-12-08 15:04:18
Released by Process ID: 17760 at 2023-12-08 15:04:18
Acquired by Process ID: 17760 at 2023-12-08 15:04:19
Released by Process ID: 17760 at 2023-12-08 15:04:19
Acquired by Process ID: 17760 at 2023-12-08 15:04:19
Released by Process ID: 17760 at 2023-12-08 15:04:20
Acquired by Process ID: 17760 at 2023-12-08 15:04:20
Released by Process ID: 17760 at 2023-12-08 15:04:20
Acquired by Process ID: 17760 at 2023-12-08 15:04:21
Released by Process ID: 17760 at 2023-12-08 15:04:21
